
Microsoft Visual Studio Solution File, Format Version 12.00
# Visual Studio Version 16
VisualStudioVersion = 16.0.28729.10
MinimumVisualStudioVersion = 10.0.40219.1
Project("{FAE04EC0-301F-11D3-BF4B-00C04F79EFBC}") = "WebApp", "WebApp\WebApp.csproj", "{97150FDF-8AC8-450E-A7AB-2D05FEBD65EE}"
EndProject
Project("{FAE04EC0-301F-11D3-BF4B-00C04F79EFBC}") = "WebApp.Library", "WebApp.Library\WebApp.Library.csproj", "{B75D218C-0C91-4597-A7D6-7AF1529B9D88}"
EndProject
Global
	GlobalSection(SolutionConfigurationPlatforms) = preSolution
		Debug|Any CPU = Debug|Any CPU
		Release|Any CPU = Release|Any CPU
	EndGlobalSection
	GlobalSection(ProjectConfigurationPlatforms) = postSolution
		{97150FDF-8AC8-450E-A7AB-2D05FEBD65EE}.Debug|Any CPU.ActiveCfg = Debug|Any CPU
		{97150FDF-8AC8-450E-A7AB-2D05FEBD65EE}.Debug|Any CPU.Build.0 = Debug|Any CPU
		{97150FDF-8AC8-450E-A7AB-2D05FEBD65EE}.Release|Any CPU.ActiveCfg = Release|Any CPU
		{97150FDF-8AC8-450E-A7AB-2D05FEBD65EE}.Release|Any CPU.Build.0 = Release|Any CPU
		{B75D218C-0C91-4597-A7D6-7AF1529B9D88}.Debug|Any CPU.ActiveCfg = Debug|Any CPU
		{B75D218C-0C91-4597-A7D6-7AF1529B9D88}.Debug|Any CPU.Build.0 = Debug|Any CPU
		{B75D218C-0C91-4597-A7D6-7AF1529B9D88}.Release|Any CPU.ActiveCfg = Release|Any CPU
		{B75D218C-0C91-4597-A7D6-7AF1529B9D88}.Release|Any CPU.Build.0 = Release|Any CPU
	EndGlobalSection
	GlobalSection(SolutionProperties) = preSolution
		HideSolutionNode = FALSE
	EndGlobalSection
	GlobalSection(ExtensibilityGlobals) = postSolution
		SolutionGuid = {F2155298-3BBA-447F-BB2A-DEEC2E51DC63}
	EndGlobalSection
EndGlobal
